<?xml version="1.0" encoding="UTF-8" standalone="yes" ?>
<CodeBlocks_project_file>
	<FileVersion major="1" minor="6" />
	<Project>
		<Option title="pakaturlaka" />
		<Option pch_mode="2" />
		<Option compiler="gcc" />
		<Build>
			<Target title="Debug">
				<Option output="bin/Debug/pakaturlaka" prefix_auto="1" extension_auto="1" />
				<Option object_output="obj/Debug/" />
				<Option type="1" />
				<Option compiler="gcc" />
				<Compiler>
					<Add option="-g" />
				</Compiler>
			</Target>
			<Target title="Release">
				<Option output="bin/Release/pakaturlaka" prefix_auto="1" extension_auto="1" />
				<Option object_output="obj/Release/" />
				<Option type="1" />
				<Option compiler="gcc" />
				<Compiler>
					<Add option="-O2" />
				</Compiler>
				<Linker>
					<Add option="-s" />
				</Linker>
			</Target>
		</Build>
		<Compiler>
			<Add option="-Wall" />
			<Add option="-fexceptions" />
		</Compiler>
		<Unit filename="../../../projekt poio/Menu.cpp" />
		<Unit filename="../../../projekt poio/Menu.h" />
		<Unit filename="../../../projekt poio/Paczka.cpp" />
		<Unit filename="../../../projekt poio/Paczka.h" />
		<Unit filename="../../../projekt poio/Paczkomat.cpp" />
		<Unit filename="../../../projekt poio/Paczkomat.h" />
		<Unit filename="../../../projekt poio/Skrytka.cpp" />
		<Unit filename="../../../projekt poio/Skrytka.h" />
		<Unit filename="../../../projekt poio/main.cpp" />
		<Extensions />
	</Project>
</CodeBlocks_project_file>
